{
  "name": "container",
  "lockfileVersion": 2,
  "requires": true,
  "packages": {
    "": {
      "name": "container",
      "workspaces": [
        "packages/greeting",
        "packages/server"
      ]
    },
    "dependency": {},
    "node_modules/@npm-workspace-docker-bug/dependency": {
      "resolved": "dependency",
      "link": true
    },
    "node_modules/@npm-workspace-docker-bug/greeting": {
      "resolved": "packages/greeting",
      "link": true
    },
    "node_modules/@npm-workspace-docker-bug/server": {
      "resolved": "packages/server",
      "link": true
    },
    "package": {
      "name": "@npm-workspace-docker-bug/package",
      "extraneous": true,
      "dependencies": {
        "@npm-workspace-docker-bug/dependency": "*"
      }
    },
    "packages/greeting": {
      "name": "@npm-workspace-docker-bug/greeting"
    },
    "packages/server": {
      "name": "@npm-workspace-docker-bug/server",
      "dependencies": {
        "@npm-workspace-docker-bug/dependency": "*"
      }
    }
  },
  "dependencies": {
    "@npm-workspace-docker-bug/dependency": {
      "version": "file:dependency"
    },
    "@npm-workspace-docker-bug/greeting": {
      "version": "file:packages/greeting"
    },
    "@npm-workspace-docker-bug/server": {
      "version": "file:packages/server",
      "requires": {
        "@npm-workspace-docker-bug/dependency": "*"
      }
    }
  }
}
